
Microsoft Visual Studio Solution File, Format Version 12.00
# Visual Studio 15
VisualStudioVersion = 15.0.28307.136
MinimumVisualStudioVersion = 10.0.40219.1
Project("{FAE04EC0-301F-11D3-BF4B-00C04F79EFBC}") = "CRUDApp", "CRUDApp\CRUDApp.csproj", "{C16F8B13-C336-4E05-96B8-3EB7772D5801}"
EndProject
Global
	GlobalSection(SolutionConfigurationPlatforms) = preSolution
		Debug|Any CPU = Debug|Any CPU
		Release|Any CPU = Release|Any CPU
	EndGlobalSection
	GlobalSection(ProjectConfigurationPlatforms) = postSolution
		{C16F8B13-C336-4E05-96B8-3EB7772D5801}.Debug|Any CPU.ActiveCfg = Debug|Any CPU
		{C16F8B13-C336-4E05-96B8-3EB7772D5801}.Debug|Any CPU.Build.0 = Debug|Any CPU
		{C16F8B13-C336-4E05-96B8-3EB7772D5801}.Release|Any CPU.ActiveCfg = Release|Any CPU
		{C16F8B13-C336-4E05-96B8-3EB7772D5801}.Release|Any CPU.Build.0 = Release|Any CPU
	EndGlobalSection
	GlobalSection(SolutionProperties) = preSolution
		HideSolutionNode = FALSE
	EndGlobalSection
	GlobalSection(ExtensibilityGlobals) = postSolution
		SolutionGuid = {4D5312ED-B937-49DA-8963-6677BC3F2DC1}
	EndGlobalSection
EndGlobal
